
Microsoft Visual Studio Solution File, Format Version 12.00
# Visual Studio Version 17
VisualStudioVersion = 17.0.31903.59
MinimumVisualStudioVersion = 10.0.40219.1
Project("{FAE04EC0-301F-11D3-BF4B-00C04F79EFBC}") = "adaptor_pattern", "adaptor_pattern\adaptor_pattern.csproj", "{C859CA49-9A62-4907-92CB-21D4C7EAE961}"
EndProject
Global
	GlobalSection(SolutionConfigurationPlatforms) = preSolution
		Debug|Any CPU = Debug|Any CPU
		Release|Any CPU = Release|Any CPU
	EndGlobalSection
	GlobalSection(SolutionProperties) = preSolution
		HideSolutionNode = FALSE
	EndGlobalSection
	GlobalSection(ProjectConfigurationPlatforms) = postSolution
		{C859CA49-9A62-4907-92CB-21D4C7EAE961}.Debug|Any CPU.ActiveCfg = Debug|Any CPU
		{C859CA49-9A62-4907-92CB-21D4C7EAE961}.Debug|Any CPU.Build.0 = Debug|Any CPU
		{C859CA49-9A62-4907-92CB-21D4C7EAE961}.Release|Any CPU.ActiveCfg = Release|Any CPU
		{C859CA49-9A62-4907-92CB-21D4C7EAE961}.Release|Any CPU.Build.0 = Release|Any CPU
	EndGlobalSection
EndGlobal
